# THIS IS AN AUTOGENERATED FILE. DO NOT EDIT THIS FILE DIRECTLY.
# yarn lockfile v1


throw-expression@2.1.0:
  version "2.1.0"
  resolved "https://registry.yarnpkg.com/throw-expression/-/throw-expression-2.1.0.tgz#3f90b089181e9359c6fb868d913457bc816160bd"
  integrity sha512-ZVP9rT4wC596AkWEyYprufvUV+ppfz0xK7H9Ka3WeTKufn5pnfESxicIDnaJyf88pGHaIx2GkwNC4Qjh0OdEwA==
